
Microsoft Visual Studio Solution File, Format Version 12.00
# Visual Studio 15
VisualStudioVersion = 15.0.27428.2015
MinimumVisualStudioVersion = 10.0.40219.1
Project("{FAE04EC0-301F-11D3-BF4B-00C04F79EFBC}") = "cassandratesti2", "cassandratesti2\cassandratesti2.csproj", "{B256EE84-0525-474C-93C9-F5248082519E}"
EndProject
Global
	GlobalSection(SolutionConfigurationPlatforms) = preSolution
		Debug|Any CPU = Debug|Any CPU
		Release|Any CPU = Release|Any CPU
	EndGlobalSection
	GlobalSection(ProjectConfigurationPlatforms) = postSolution
		{B256EE84-0525-474C-93C9-F5248082519E}.Debug|Any CPU.ActiveCfg = Debug|Any CPU
		{B256EE84-0525-474C-93C9-F5248082519E}.Debug|Any CPU.Build.0 = Debug|Any CPU
		{B256EE84-0525-474C-93C9-F5248082519E}.Release|Any CPU.ActiveCfg = Release|Any CPU
		{B256EE84-0525-474C-93C9-F5248082519E}.Release|Any CPU.Build.0 = Release|Any CPU
	EndGlobalSection
	GlobalSection(SolutionProperties) = preSolution
		HideSolutionNode = FALSE
	EndGlobalSection
	GlobalSection(ExtensibilityGlobals) = postSolution
		SolutionGuid = {E4469B46-7A23-4734-8A55-C1F6D90A9406}
	EndGlobalSection
EndGlobal
